
Microsoft Visual Studio Solution File, Format Version 12.00
# Visual Studio Version 17
VisualStudioVersion = 17.14.36811.4
MinimumVisualStudioVersion = 10.0.40219.1
Project("{2150E333-8FDC-42A3-9474-1A3956D46DE8}") = "Services", "Services", "{02EA681E-C7D8-13C7-8484-4AC65E1B71E8}"
EndProject
Project("{2150E333-8FDC-42A3-9474-1A3956D46DE8}") = "Shepping", "Shepping", "{25CB5A39-4D44-4187-AFEE-C7A4F21FCA12}"
EndProject
Project("{FAE04EC0-301F-11D3-BF4B-00C04F79EFBC}") = "Shepping.Core", "Shepping\Shepping.Core\Shepping.Core.csproj", "{7F7C3A97-BDBF-458C-830B-0B907DFC96EB}"
EndProject
Project("{FAE04EC0-301F-11D3-BF4B-00C04F79EFBC}") = "Shepping.Infrastructure", "Shepping\Shepping.Infrastructure\Shepping.Infrastructure.csproj", "{A2D76740-A163-43CC-9D84-80B85FAC790B}"
EndProject
Project("{FAE04EC0-301F-11D3-BF4B-00C04F79EFBC}") = "Shepping.Application", "Shepping\Shepping.Application\Shepping.Application.csproj", "{375F1D6B-78B6-41C3-83CD-20B03D58BDF7}"
EndProject
Project("{FAE04EC0-301F-11D3-BF4B-00C04F79EFBC}") = "Shepping.Api", "Shepping\Shepping.Api\Shepping.Api.csproj", "{09D95F0D-C641-40AD-8ADC-F1B3DDEAA011}"
EndProject
Project("{2150E333-8FDC-42A3-9474-1A3956D46DE8}") = "Products", "Products", "{63700A5A-4AC5-46FC-8411-3DE889AB9E1E}"
EndProject
Project("{FAE04EC0-301F-11D3-BF4B-00C04F79EFBC}") = "Products.Core", "Products\Products.Core\Products.Core.csproj", "{BDBE764C-A31E-4F06-8F0B-C293469BF121}"
EndProject
Project("{FAE04EC0-301F-11D3-BF4B-00C04F79EFBC}") = "Products.Application", "Products\Products.Application\Products.Application.csproj", "{90C8CE8A-DA1A-45C9-8850-D0323DF78364}"
EndProject
Project("{FAE04EC0-301F-11D3-BF4B-00C04F79EFBC}") = "Products.Infrastructure", "Products\Products.Infrastructure\Products.Infrastructure.csproj", "{673B2D51-662D-46A8-A37C-9A38D96E0B00}"
EndProject
Project("{FAE04EC0-301F-11D3-BF4B-00C04F79EFBC}") = "Products.Api", "Products\Products.Api\Products.Api.csproj", "{2AED9A00-FFA2-4DCE-91D0-CD10C623B637}"
EndProject
Project("{2150E333-8FDC-42A3-9474-1A3956D46DE8}") = "Discount", "Discount", "{9236C949-4E7B-4A80-A8F8-6546ED3E8964}"
EndProject
Project("{FAE04EC0-301F-11D3-BF4B-00C04F79EFBC}") = "Discount.Core", "Discount\Discount.Core\Discount.Core.csproj", "{209E121F-AC61-492F-AA9F-3917DDB499EE}"
EndProject
Project("{FAE04EC0-301F-11D3-BF4B-00C04F79EFBC}") = "Discount.Application", "Discount\Discount.Application\Discount.Application.csproj", "{56A63E64-AC47-4DD8-A6F2-E659263046B7}"
EndProject
Project("{FAE04EC0-301F-11D3-BF4B-00C04F79EFBC}") = "Discount.Infrastructure", "Discount\Discount.Infrastructure\Discount.Infrastructure.csproj", "{6A887061-B52D-481D-8B60-D1E345861BFA}"
EndProject
Project("{FAE04EC0-301F-11D3-BF4B-00C04F79EFBC}") = "Discount.Api", "Discount\Discount.Api\Discount.Api.csproj", "{7327ADC0-370B-4AA1-8517-9061168E7C4D}"
EndProject
Project("{2150E333-8FDC-42A3-9474-1A3956D46DE8}") = "Orders", "Orders", "{30FA936F-8B64-45C9-BB90-EEF17218EBCC}"
EndProject
Project("{FAE04EC0-301F-11D3-BF4B-00C04F79EFBC}") = "Orders.Core", "Orders\Orders.Core\Orders.Core.csproj", "{1212D1BC-F739-4866-BD32-B08B02739DEF}"
EndProject
Project("{FAE04EC0-301F-11D3-BF4B-00C04F79EFBC}") = "Orders.Application", "Orders\Orders.Application\Orders.Application.csproj", "{C6EF83F1-8D58-4485-869A-6DC1913F1087}"
EndProject
Project("{FAE04EC0-301F-11D3-BF4B-00C04F79EFBC}") = "Orders.Infrastructure", "Orders\Orders.Infrastructure\Orders.Infrastructure.csproj", "{0162B859-5465-49B1-94A6-348307258CC5}"
EndProject
Project("{FAE04EC0-301F-11D3-BF4B-00C04F79EFBC}") = "Orders.Api", "Orders\Orders.Api\Orders.Api.csproj", "{0EF4268B-0E14-4FDF-A329-1E391DF7425E}"
EndProject
Project("{2150E333-8FDC-42A3-9474-1A3956D46DE8}") = "Baskets", "Baskets", "{C5AC0379-56D0-483A-B8E6-AC9DEB14A6EC}"
EndProject
Project("{FAE04EC0-301F-11D3-BF4B-00C04F79EFBC}") = "Baskets.Core", "Baskets\Baskets.Core\Baskets.Core.csproj", "{80B1C01F-0DD2-4782-A06C-8FDE826A0F11}"
EndProject
Project("{FAE04EC0-301F-11D3-BF4B-00C04F79EFBC}") = "Baskets.Application", "Baskets\Baskets.Application\Baskets.Application.csproj", "{AAB4D457-F879-4F7A-A394-A90FF6AF5E9B}"
EndProject
Project("{FAE04EC0-301F-11D3-BF4B-00C04F79EFBC}") = "Baskets.Infrastructure", "Baskets\Baskets.Infrastructure\Baskets.Infrastructure.csproj", "{B9BCB761-EFF6-423C-A3C0-900B99F2A58F}"
EndProject
Project("{FAE04EC0-301F-11D3-BF4B-00C04F79EFBC}") = "Baskets.Api", "Baskets\Baskets.Api\Baskets.Api.csproj", "{2961D0F5-1D17-4EDB-8439-4DF35802ED16}"
EndProject
Project("{2150E333-8FDC-42A3-9474-1A3956D46DE8}") = "EventBus", "EventBus", "{A38C2B59-9B9A-404B-B197-399FB28672FB}"
EndProject
Project("{FAE04EC0-301F-11D3-BF4B-00C04F79EFBC}") = "EventBus.Messages", "EventBus\EventBus.Messages\EventBus.Messages.csproj", "{694312D1-C9D6-4283-BCAA-AA969F2DA666}"
EndProject
Project("{FAE04EC0-301F-11D3-BF4B-00C04F79EFBC}") = "GatewayApi", "Gateway\GatewayApi\GatewayApi.csproj", "{4EF9BE9B-7C12-A922-212E-767F626D9D40}"
EndProject
Project("{FAE04EC0-301F-11D3-BF4B-00C04F79EFBC}") = "AuthApi", "AuthApi\AuthApi.csproj", "{4B95290B-B81D-4BBD-A76A-348F579A1DC6}"
EndProject
Global
	GlobalSection(SolutionConfigurationPlatforms) = preSolution
		Debug|Any CPU = Debug|Any CPU
		Release|Any CPU = Release|Any CPU
	EndGlobalSection
	GlobalSection(ProjectConfigurationPlatforms) = postSolution
		{7F7C3A97-BDBF-458C-830B-0B907DFC96EB}.Debug|Any CPU.ActiveCfg = Debug|Any CPU
		{7F7C3A97-BDBF-458C-830B-0B907DFC96EB}.Debug|Any CPU.Build.0 = Debug|Any CPU
		{7F7C3A97-BDBF-458C-830B-0B907DFC96EB}.Release|Any CPU.ActiveCfg = Release|Any CPU
		{7F7C3A97-BDBF-458C-830B-0B907DFC96EB}.Release|Any CPU.Build.0 = Release|Any CPU
		{A2D76740-A163-43CC-9D84-80B85FAC790B}.Debug|Any CPU.ActiveCfg = Debug|Any CPU
		{A2D76740-A163-43CC-9D84-80B85FAC790B}.Debug|Any CPU.Build.0 = Debug|Any CPU
		{A2D76740-A163-43CC-9D84-80B85FAC790B}.Release|Any CPU.ActiveCfg = Release|Any CPU
		{A2D76740-A163-43CC-9D84-80B85FAC790B}.Release|Any CPU.Build.0 = Release|Any CPU
		{375F1D6B-78B6-41C3-83CD-20B03D58BDF7}.Debug|Any CPU.ActiveCfg = Debug|Any CPU
		{375F1D6B-78B6-41C3-83CD-20B03D58BDF7}.Debug|Any CPU.Build.0 = Debug|Any CPU
		{375F1D6B-78B6-41C3-83CD-20B03D58BDF7}.Release|Any CPU.ActiveCfg = Release|Any CPU
		{375F1D6B-78B6-41C3-83CD-20B03D58BDF7}.Release|Any CPU.Build.0 = Release|Any CPU
		{09D95F0D-C641-40AD-8ADC-F1B3DDEAA011}.Debug|Any CPU.ActiveCfg = Debug|Any CPU
		{09D95F0D-C641-40AD-8ADC-F1B3DDEAA011}.Debug|Any CPU.Build.0 = Debug|Any CPU
		{09D95F0D-C641-40AD-8ADC-F1B3DDEAA011}.Release|Any CPU.ActiveCfg = Release|Any CPU
		{09D95F0D-C641-40AD-8ADC-F1B3DDEAA011}.Release|Any CPU.Build.0 = Release|Any CPU
		{BDBE764C-A31E-4F06-8F0B-C293469BF121}.Debug|Any CPU.ActiveCfg = Debug|Any CPU
		{BDBE764C-A31E-4F06-8F0B-C293469BF121}.Debug|Any CPU.Build.0 = Debug|Any CPU
		{BDBE764C-A31E-4F06-8F0B-C293469BF121}.Release|Any CPU.ActiveCfg = Release|Any CPU
		{BDBE764C-A31E-4F06-8F0B-C293469BF121}.Release|Any CPU.Build.0 = Release|Any CPU
		{90C8CE8A-DA1A-45C9-8850-D0323DF78364}.Debug|Any CPU.ActiveCfg = Debug|Any CPU
		{90C8CE8A-DA1A-45C9-8850-D0323DF78364}.Debug|Any CPU.Build.0 = Debug|Any CPU
		{90C8CE8A-DA1A-45C9-8850-D0323DF78364}.Release|Any CPU.ActiveCfg = Release|Any CPU
		{90C8CE8A-DA1A-45C9-8850-D0323DF78364}.Release|Any CPU.Build.0 = Release|Any CPU
		{673B2D51-662D-46A8-A37C-9A38D96E0B00}.Debug|Any CPU.ActiveCfg = Debug|Any CPU
		{673B2D51-662D-46A8-A37C-9A38D96E0B00}.Debug|Any CPU.Build.0 = Debug|Any CPU
		{673B2D51-662D-46A8-A37C-9A38D96E0B00}.Release|Any CPU.ActiveCfg = Release|Any CPU
		{673B2D51-662D-46A8-A37C-9A38D96E0B00}.Release|Any CPU.Build.0 = Release|Any CPU
		{2AED9A00-FFA2-4DCE-91D0-CD10C623B637}.Debug|Any CPU.ActiveCfg = Debug|Any CPU
		{2AED9A00-FFA2-4DCE-91D0-CD10C623B637}.Debug|Any CPU.Build.0 = Debug|Any CPU
		{2AED9A00-FFA2-4DCE-91D0-CD10C623B637}.Release|Any CPU.ActiveCfg = Release|Any CPU
		{2AED9A00-FFA2-4DCE-91D0-CD10C623B637}.Release|Any CPU.Build.0 = Release|Any CPU
		{209E121F-AC61-492F-AA9F-3917DDB499EE}.Debug|Any CPU.ActiveCfg = Debug|Any CPU
		{209E121F-AC61-492F-AA9F-3917DDB499EE}.Debug|Any CPU.Build.0 = Debug|Any CPU
		{209E121F-AC61-492F-AA9F-3917DDB499EE}.Release|Any CPU.ActiveCfg = Release|Any CPU
		{209E121F-AC61-492F-AA9F-3917DDB499EE}.Release|Any CPU.Build.0 = Release|Any CPU
		{56A63E64-AC47-4DD8-A6F2-E659263046B7}.Debug|Any CPU.ActiveCfg = Debug|Any CPU
		{56A63E64-AC47-4DD8-A6F2-E659263046B7}.Debug|Any CPU.Build.0 = Debug|Any CPU
		{56A63E64-AC47-4DD8-A6F2-E659263046B7}.Release|Any CPU.ActiveCfg = Release|Any CPU
		{56A63E64-AC47-4DD8-A6F2-E659263046B7}.Release|Any CPU.Build.0 = Release|Any CPU
		{6A887061-B52D-481D-8B60-D1E345861BFA}.Debug|Any CPU.ActiveCfg = Debug|Any CPU
		{6A887061-B52D-481D-8B60-D1E345861BFA}.Debug|Any CPU.Build.0 = Debug|Any CPU
		{6A887061-B52D-481D-8B60-D1E345861BFA}.Release|Any CPU.ActiveCfg = Release|Any CPU
		{6A887061-B52D-481D-8B60-D1E345861BFA}.Release|Any CPU.Build.0 = Release|Any CPU
		{7327ADC0-370B-4AA1-8517-9061168E7C4D}.Debug|Any CPU.ActiveCfg = Debug|Any CPU
		{7327ADC0-370B-4AA1-8517-9061168E7C4D}.Debug|Any CPU.Build.0 = Debug|Any CPU
		{7327ADC0-370B-4AA1-8517-9061168E7C4D}.Release|Any CPU.ActiveCfg = Release|Any CPU
		{7327ADC0-370B-4AA1-8517-9061168E7C4D}.Release|Any CPU.Build.0 = Release|Any CPU
		{1212D1BC-F739-4866-BD32-B08B02739DEF}.Debug|Any CPU.ActiveCfg = Debug|Any CPU
		{1212D1BC-F739-4866-BD32-B08B02739DEF}.Debug|Any CPU.Build.0 = Debug|Any CPU
		{1212D1BC-F739-4866-BD32-B08B02739DEF}.Release|Any CPU.ActiveCfg = Release|Any CPU
		{1212D1BC-F739-4866-BD32-B08B02739DEF}.Release|Any CPU.Build.0 = Release|Any CPU
		{C6EF83F1-8D58-4485-869A-6DC1913F1087}.Debug|Any CPU.ActiveCfg = Debug|Any CPU
		{C6EF83F1-8D58-4485-869A-6DC1913F1087}.Debug|Any CPU.Build.0 = Debug|Any CPU
		{C6EF83F1-8D58-4485-869A-6DC1913F1087}.Release|Any CPU.ActiveCfg = Release|Any CPU
		{C6EF83F1-8D58-4485-869A-6DC1913F1087}.Release|Any CPU.Build.0 = Release|Any CPU
		{0162B859-5465-49B1-94A6-348307258CC5}.Debug|Any CPU.ActiveCfg = Debug|Any CPU
		{0162B859-5465-49B1-94A6-348307258CC5}.Debug|Any CPU.Build.0 = Debug|Any CPU
		{0162B859-5465-49B1-94A6-348307258CC5}.Release|Any CPU.ActiveCfg = Release|Any CPU
		{0162B859-5465-49B1-94A6-348307258CC5}.Release|Any CPU.Build.0 = Release|Any CPU
		{0EF4268B-0E14-4FDF-A329-1E391DF7425E}.Debug|Any CPU.ActiveCfg = Debug|Any CPU
		{0EF4268B-0E14-4FDF-A329-1E391DF7425E}.Debug|Any CPU.Build.0 = Debug|Any CPU
		{0EF4268B-0E14-4FDF-A329-1E391DF7425E}.Release|Any CPU.ActiveCfg = Release|Any CPU
		{0EF4268B-0E14-4FDF-A329-1E391DF7425E}.Release|Any CPU.Build.0 = Release|Any CPU
		{80B1C01F-0DD2-4782-A06C-8FDE826A0F11}.Debug|Any CPU.ActiveCfg = Debug|Any CPU
		{80B1C01F-0DD2-4782-A06C-8FDE826A0F11}.Debug|Any CPU.Build.0 = Debug|Any CPU
		{80B1C01F-0DD2-4782-A06C-8FDE826A0F11}.Release|Any CPU.ActiveCfg = Release|Any CPU
		{80B1C01F-0DD2-4782-A06C-8FDE826A0F11}.Release|Any CPU.Build.0 = Release|Any CPU
		{AAB4D457-F879-4F7A-A394-A90FF6AF5E9B}.Debug|Any CPU.ActiveCfg = Debug|Any CPU
		{AAB4D457-F879-4F7A-A394-A90FF6AF5E9B}.Debug|Any CPU.Build.0 = Debug|Any CPU
		{AAB4D457-F879-4F7A-A394-A90FF6AF5E9B}.Release|Any CPU.ActiveCfg = Release|Any CPU
		{AAB4D457-F879-4F7A-A394-A90FF6AF5E9B}.Release|Any CPU.Build.0 = Release|Any CPU
		{B9BCB761-EFF6-423C-A3C0-900B99F2A58F}.Debug|Any CPU.ActiveCfg = Debug|Any CPU
		{B9BCB761-EFF6-423C-A3C0-900B99F2A58F}.Debug|Any CPU.Build.0 = Debug|Any CPU
		{B9BCB761-EFF6-423C-A3C0-900B99F2A58F}.Release|Any CPU.ActiveCfg = Release|Any CPU
		{B9BCB761-EFF6-423C-A3C0-900B99F2A58F}.Release|Any CPU.Build.0 = Release|Any CPU
		{2961D0F5-1D17-4EDB-8439-4DF35802ED16}.Debug|Any CPU.ActiveCfg = Debug|Any CPU
		{2961D0F5-1D17-4EDB-8439-4DF35802ED16}.Debug|Any CPU.Build.0 = Debug|Any CPU
		{2961D0F5-1D17-4EDB-8439-4DF35802ED16}.Release|Any CPU.ActiveCfg = Release|Any CPU
		{2961D0F5-1D17-4EDB-8439-4DF35802ED16}.Release|Any CPU.Build.0 = Release|Any CPU
		{694312D1-C9D6-4283-BCAA-AA969F2DA666}.Debug|Any CPU.ActiveCfg = Debug|Any CPU
		{694312D1-C9D6-4283-BCAA-AA969F2DA666}.Debug|Any CPU.Build.0 = Debug|Any CPU
		{694312D1-C9D6-4283-BCAA-AA969F2DA666}.Release|Any CPU.ActiveCfg = Release|Any CPU
		{694312D1-C9D6-4283-BCAA-AA969F2DA666}.Release|Any CPU.Build.0 = Release|Any CPU
		{4EF9BE9B-7C12-A922-212E-767F626D9D40}.Debug|Any CPU.ActiveCfg = Debug|Any CPU
		{4EF9BE9B-7C12-A922-212E-767F626D9D40}.Debug|Any CPU.Build.0 = Debug|Any CPU
		{4EF9BE9B-7C12-A922-212E-767F626D9D40}.Release|Any CPU.ActiveCfg = Release|Any CPU
		{4EF9BE9B-7C12-A922-212E-767F626D9D40}.Release|Any CPU.Build.0 = Release|Any CPU
		{4B95290B-B81D-4BBD-A76A-348F579A1DC6}.Debug|Any CPU.ActiveCfg = Debug|Any CPU
		{4B95290B-B81D-4BBD-A76A-348F579A1DC6}.Debug|Any CPU.Build.0 = Debug|Any CPU
		{4B95290B-B81D-4BBD-A76A-348F579A1DC6}.Release|Any CPU.ActiveCfg = Release|Any CPU
		{4B95290B-B81D-4BBD-A76A-348F579A1DC6}.Release|Any CPU.Build.0 = Release|Any CPU
	EndGlobalSection
	GlobalSection(SolutionProperties) = preSolution
		HideSolutionNode = FALSE
	EndGlobalSection
	GlobalSection(NestedProjects) = preSolution
		{25CB5A39-4D44-4187-AFEE-C7A4F21FCA12} = {02EA681E-C7D8-13C7-8484-4AC65E1B71E8}
		{7F7C3A97-BDBF-458C-830B-0B907DFC96EB} = {25CB5A39-4D44-4187-AFEE-C7A4F21FCA12}
		{A2D76740-A163-43CC-9D84-80B85FAC790B} = {25CB5A39-4D44-4187-AFEE-C7A4F21FCA12}
		{375F1D6B-78B6-41C3-83CD-20B03D58BDF7} = {25CB5A39-4D44-4187-AFEE-C7A4F21FCA12}
		{09D95F0D-C641-40AD-8ADC-F1B3DDEAA011} = {25CB5A39-4D44-4187-AFEE-C7A4F21FCA12}
		{63700A5A-4AC5-46FC-8411-3DE889AB9E1E} = {02EA681E-C7D8-13C7-8484-4AC65E1B71E8}
		{BDBE764C-A31E-4F06-8F0B-C293469BF121} = {63700A5A-4AC5-46FC-8411-3DE889AB9E1E}
		{90C8CE8A-DA1A-45C9-8850-D0323DF78364} = {63700A5A-4AC5-46FC-8411-3DE889AB9E1E}
		{673B2D51-662D-46A8-A37C-9A38D96E0B00} = {63700A5A-4AC5-46FC-8411-3DE889AB9E1E}
		{2AED9A00-FFA2-4DCE-91D0-CD10C623B637} = {63700A5A-4AC5-46FC-8411-3DE889AB9E1E}
		{9236C949-4E7B-4A80-A8F8-6546ED3E8964} = {02EA681E-C7D8-13C7-8484-4AC65E1B71E8}
		{209E121F-AC61-492F-AA9F-3917DDB499EE} = {9236C949-4E7B-4A80-A8F8-6546ED3E8964}
		{56A63E64-AC47-4DD8-A6F2-E659263046B7} = {9236C949-4E7B-4A80-A8F8-6546ED3E8964}
		{6A887061-B52D-481D-8B60-D1E345861BFA} = {9236C949-4E7B-4A80-A8F8-6546ED3E8964}
		{7327ADC0-370B-4AA1-8517-9061168E7C4D} = {9236C949-4E7B-4A80-A8F8-6546ED3E8964}
		{30FA936F-8B64-45C9-BB90-EEF17218EBCC} = {02EA681E-C7D8-13C7-8484-4AC65E1B71E8}
		{1212D1BC-F739-4866-BD32-B08B02739DEF} = {30FA936F-8B64-45C9-BB90-EEF17218EBCC}
		{C6EF83F1-8D58-4485-869A-6DC1913F1087} = {30FA936F-8B64-45C9-BB90-EEF17218EBCC}
		{0162B859-5465-49B1-94A6-348307258CC5} = {30FA936F-8B64-45C9-BB90-EEF17218EBCC}
		{0EF4268B-0E14-4FDF-A329-1E391DF7425E} = {30FA936F-8B64-45C9-BB90-EEF17218EBCC}
		{C5AC0379-56D0-483A-B8E6-AC9DEB14A6EC} = {02EA681E-C7D8-13C7-8484-4AC65E1B71E8}
		{80B1C01F-0DD2-4782-A06C-8FDE826A0F11} = {C5AC0379-56D0-483A-B8E6-AC9DEB14A6EC}
		{AAB4D457-F879-4F7A-A394-A90FF6AF5E9B} = {C5AC0379-56D0-483A-B8E6-AC9DEB14A6EC}
		{B9BCB761-EFF6-423C-A3C0-900B99F2A58F} = {C5AC0379-56D0-483A-B8E6-AC9DEB14A6EC}
		{2961D0F5-1D17-4EDB-8439-4DF35802ED16} = {C5AC0379-56D0-483A-B8E6-AC9DEB14A6EC}
		{A38C2B59-9B9A-404B-B197-399FB28672FB} = {02EA681E-C7D8-13C7-8484-4AC65E1B71E8}
		{694312D1-C9D6-4283-BCAA-AA969F2DA666} = {A38C2B59-9B9A-404B-B197-399FB28672FB}
		{4EF9BE9B-7C12-A922-212E-767F626D9D40} = {02EA681E-C7D8-13C7-8484-4AC65E1B71E8}
		{4B95290B-B81D-4BBD-A76A-348F579A1DC6} = {02EA681E-C7D8-13C7-8484-4AC65E1B71E8}
	EndGlobalSection
	GlobalSection(ExtensibilityGlobals) = postSolution
		SolutionGuid = {DAE58189-6C25-4388-953E-38F69588244A}
	EndGlobalSection
EndGlobal
